
Microsoft Visual Studio Solution File, Format Version 12.00
# Visual Studio Version 17
VisualStudioVersion = 17.5.33516.290
MinimumVisualStudioVersion = 10.0.40219.1
Project("{FAE04EC0-301F-11D3-BF4B-00C04F79EFBC}") = "Chess", "Chess\Chess.csproj", "{EC3033DD-BA0C-4EF3-9B5C-2BD4B06A8831}"
EndProject
Global
	GlobalSection(SolutionConfigurationPlatforms) = preSolution
		Debug|Any CPU = Debug|Any CPU
		Release|Any CPU = Release|Any CPU
	EndGlobalSection
	GlobalSection(ProjectConfigurationPlatforms) = postSolution
		{EC3033DD-BA0C-4EF3-9B5C-2BD4B06A8831}.Debug|Any CPU.ActiveCfg = Debug|Any CPU
		{EC3033DD-BA0C-4EF3-9B5C-2BD4B06A8831}.Debug|Any CPU.Build.0 = Debug|Any CPU
		{EC3033DD-BA0C-4EF3-9B5C-2BD4B06A8831}.Release|Any CPU.ActiveCfg = Release|Any CPU
		{EC3033DD-BA0C-4EF3-9B5C-2BD4B06A8831}.Release|Any CPU.Build.0 = Release|Any CPU
	EndGlobalSection
	GlobalSection(SolutionProperties) = preSolution
		HideSolutionNode = FALSE
	EndGlobalSection
	GlobalSection(ExtensibilityGlobals) = postSolution
		SolutionGuid = {65BC674B-7DE6-46CD-B024-07B77AE8F713}
	EndGlobalSection
EndGlobal
